{
  "name": "agi-research-nuc-llm",
  "lockfileVersion": 3,
  "requires": true,
  "packages": {
    "": {
      "dependencies": {
        "@anthropic-ai/claude-code": "^2.1.246"
      }
    },
    "node_modules/@anthropic-ai/claude-code": {
      "version": "2.1.246",
      "resolved": "https://registry.npmjs.org/@anthropic-ai/claude-code/-/claude-code-2.1.246.tgz",
      "integrity": "sha512-E2PEKkal9D05dWnsc2fcPclJpEbJbnIE3D1vp33aPrsFbmdbqyNzEcc9/SeFIj53hvP/M5BuHygOFbeoBWEAOg==",
      "hasInstallScript": true,
      "bin": {
        "claude": "bin/claude.exe"
      },
      "engines": {
        "node": ">=22.0.0"
      },
      "optionalDependencies": {
        "@anthropic-ai/claude-code-darwin-arm64": "2.1.246",
        "@anthropic-ai/claude-code-darwin-x64": "2.1.246",
        "@anthropic-ai/claude-code-linux-arm64": "2.1.246",
        "@anthropic-ai/claude-code-linux-arm64-musl": "2.1.246",
        "@anthropic-ai/claude-code-linux-x64": "2.1.246",
        "@anthropic-ai/claude-code-linux-x64-musl": "2.1.246",
        "@anthropic-ai/claude-code-win32-arm64": "2.1.246",
        "@anthropic-ai/claude-code-win32-x64": "2.1.246"
      }
    },
    "node_modules/@anthropic-ai/claude-code-darwin-arm64": {
      "version": "2.1.246",
      "resolved": "https://registry.npmjs.org/@anthropic-ai/claude-code-darwin-arm64/-/claude-code-darwin-arm64-2.1.246.tgz",
      "integrity": "sha512-PWL+E62jHriRMD5VXQU7fgDl+g3ZbOl8VGo6yi6fhmo3aD9Fkl0yX/p4/vQDP/AurM0UqbM+N8FMi9ZTs4ZKdA==",
      "cpu": [
        "arm64"
      ],
      "optional": true,
      "os": [
        "darwin"
      ]
    },
    "node_modules/@anthropic-ai/claude-code-darwin-x64": {
      "version": "2.1.246",
      "resolved": "https://registry.npmjs.org/@anthropic-ai/claude-code-darwin-x64/-/claude-code-darwin-x64-2.1.246.tgz",
      "integrity": "sha512-yF0wroatdrfgiL4CDVwgs0NFqDUpK7tPA4jq71r81NX4hzv4clehmiuzrslwzBSy7wCARyS66Qitq/viap+/Ng==",
      "cpu": [
        "x64"
      ],
      "optional": true,
      "os": [
        "darwin"
      ]
    },
    "node_modules/@anthropic-ai/claude-code-linux-arm64": {
      "version": "2.1.246",
      "resolved": "https://registry.npmjs.org/@anthropic-ai/claude-code-linux-arm64/-/claude-code-linux-arm64-2.1.246.tgz",
      "integrity": "sha512-ls5pIYYTcLdSZcGGJ3vFFAU2ZrL6YRVg/F+pM87c+j95NYztEbKv/N9R35ROz83u+fEx8OljgDgV/5xBc9OFkw==",
      "cpu": [
        "arm64"
      ],
      "optional": true,
      "os": [
        "linux"
      ]
    },
    "node_modules/@anthropic-ai/claude-code-linux-arm64-musl": {
      "version": "2.1.246",
      "resolved": "https://registry.npmjs.org/@anthropic-ai/claude-code-linux-arm64-musl/-/claude-code-linux-arm64-musl-2.1.246.tgz",
      "integrity": "sha512-96MZBGD1upw5tO2yxT44mqH5/8zUrlYUNKpnCk4Qted+AJIzR9s0oRsfqoGiq3/cRutlGi+Ze65KImlYbtULQA==",
      "cpu": [
        "arm64"
      ],
      "optional": true,
      "os": [
        "linux"
      ]
    },
    "node_modules/@anthropic-ai/claude-code-linux-x64": {
      "version": "2.1.246",
      "resolved": "https://registry.npmjs.org/@anthropic-ai/claude-code-linux-x64/-/claude-code-linux-x64-2.1.246.tgz",
      "integrity": "sha512-1BNvhwngvo8AAoWcQb+9TWgQ3Gdvwfriz4bBEbsI59rKqdm0//O0/6xuplWePUuFNWK7Z6nWbwT8pEZd/9jY9Q==",
      "cpu": [
        "x64"
      ],
      "optional": true,
      "os": [
        "linux"
      ]
    },
    "node_modules/@anthropic-ai/claude-code-linux-x64-musl": {
      "version": "2.1.246",
      "resolved": "https://registry.npmjs.org/@anthropic-ai/claude-code-linux-x64-musl/-/claude-code-linux-x64-musl-2.1.246.tgz",
      "integrity": "sha512-LK8Is52EhjgQlNBD2R+rMXj6mYsnOA66RfTMTNx3xq3/3UWIuCTVB3ssw5qpoQKV2Xt62PvdQ8c63tHf2T9eQQ==",
      "cpu": [
        "x64"
      ],
      "optional": true,
      "os": [
        "linux"
      ]
    },
    "node_modules/@anthropic-ai/claude-code-win32-arm64": {
      "version": "2.1.246",
      "resolved": "https://registry.npmjs.org/@anthropic-ai/claude-code-win32-arm64/-/claude-code-win32-arm64-2.1.246.tgz",
      "integrity": "sha512-jpMjgof1659UukdQVD8eZ2R3mnZdSnA8xjT4iwI797I5sA/Af0Pwrd5IVMGz6SrligXQKwJiBAXGs93qKyIBtA==",
      "cpu": [
        "arm64"
      ],
      "optional": true,
      "os": [
        "win32"
      ]
    },
    "node_modules/@anthropic-ai/claude-code-win32-x64": {
      "version": "2.1.246",
      "resolved": "https://registry.npmjs.org/@anthropic-ai/claude-code-win32-x64/-/claude-code-win32-x64-2.1.246.tgz",
      "integrity": "sha512-5ELyn5TdYYO6qYVE+gWfE+JmkdprJ1FZOSbX3B3hk7GvWotGEvvcSd+z+U26S1+oYIvouNWQ6PtBnJHWF1lrzQ==",
      "cpu": [
        "x64"
      ],
      "optional": true,
      "os": [
        "win32"
      ]
    }
  }
}
